
Microsoft Visual Studio Solution File, Format Version 12.00
# Visual Studio 2013
VisualStudioVersion = 12.0.31101.0
MinimumVisualStudioVersion = 10.0.40219.1
Project("{FAE04EC0-301F-11D3-BF4B-00C04F79EFBC}") = "Histogram Equalization", "Histogram Equalization\Histogram Equalization.csproj", "{4E8CED62-57A7-48CC-B19E-A3693B5B0D2D}"
EndProject
Global
	GlobalSection(SolutionConfigurationPlatforms) = preSolution
		Debug|Any CPU = Debug|Any CPU
		Release|Any CPU = Release|Any CPU
	EndGlobalSection
	GlobalSection(ProjectConfigurationPlatforms) = postSolution
		{4E8CED62-57A7-48CC-B19E-A3693B5B0D2D}.Debug|Any CPU.ActiveCfg = Debug|Any CPU
		{4E8CED62-57A7-48CC-B19E-A3693B5B0D2D}.Debug|Any CPU.Build.0 = Debug|Any CPU
		{4E8CED62-57A7-48CC-B19E-A3693B5B0D2D}.Release|Any CPU.ActiveCfg = Release|Any CPU
		{4E8CED62-57A7-48CC-B19E-A3693B5B0D2D}.Release|Any CPU.Build.0 = Release|Any CPU
	EndGlobalSection
	GlobalSection(SolutionProperties) = preSolution
		HideSolutionNode = FALSE
	EndGlobalSection
EndGlobal
